// !$*UTF8*$!
{
	archiveVersion = 1;
	classes = {
	};
	objectVersion = 56;
	objects = {

/* Begin PBXBuildFile section */
		BE5C68102B6A83BA00B8BC69 /* NetflixOnBoardAppApp.swift in Sources */ = {isa = PBXBuildFile; fileRef = BE5C680F2B6A83BA00B8BC69 /* NetflixOnBoardAppApp.swift */; };
		BE5C68122B6A83BA00B8BC69 /* ContentView.swift in Sources */ = {isa = PBXBuildFile; fileRef = BE5C68112B6A83BA00B8BC69 /* ContentView.swift */; };
		BE5C68142B6A83BD00B8BC69 /* Assets.xcassets in Resources */ = {isa = PBXBuildFile; fileRef = BE5C68132B6A83BD00B8BC69 /* Assets.xcassets */; };
		BE5C68172B6A83BD00B8BC69 /* Preview Assets.xcassets in Resources */ = {isa = PBXBuildFile; fileRef = BE5C68162B6A83BD00B8BC69 /* Preview Assets.xcassets */; };
		BE5C681F2B6A845700B8BC69 /* Lottie in Frameworks */ = {isa = PBXBuildFile; productRef = BE5C681E2B6A845700B8BC69 /* Lottie */; };
		BE5C68252B6A847A00B8BC69 /* order.json in Resources */ = {isa = PBXBuildFile; fileRef = BE5C68212B6A847A00B8BC69 /* order.json */; };
		BE5C68262B6A847A00B8BC69 /* netflix.json in Resources */ = {isa = PBXBuildFile; fileRef = BE5C68222B6A847A00B8BC69 /* netflix.json */; };
		BE5C68272B6A847A00B8BC69 /* interaction.json in Resources */ = {isa = PBXBuildFile; fileRef = BE5C68232B6A847A00B8BC69 /* interaction.json */; };
		BE5C68282B6A847A00B8BC69 /* delivery.json in Resources */ = {isa = PBXBuildFile; fileRef = BE5C68242B6A847A00B8BC69 /* delivery.json */; };
		BE5C682B2B6A84A600B8BC69 /* LottieView.swift in Sources */ = {isa = PBXBuildFile; fileRef = BE5C682A2B6A84A600B8BC69 /* LottieView.swift */; };
		BE5C682E2B6A86D300B8BC69 /* Card.swift in Sources */ = {isa = PBXBuildFile; fileRef = BE5C682D2B6A86D300B8BC69 /* Card.swift */; };
		BE5C68302B6A875200B8BC69 /* CardView.swift in Sources */ = {isa = PBXBuildFile; fileRef = BE5C682F2B6A875200B8BC69 /* CardView.swift */; };
/* End PBXBuildFile section */

/* Begin PBXFileReference section */
		BE5C680C2B6A83BA00B8BC69 /* NetflixOnBoardApp.app */ = {isa = PBXFileReference; explicitFileType = wrapper.application; includeInIndex = 0; path = NetflixOnBoardApp.app; sourceTree = BUILT_PRODUCTS_DIR; };
		BE5C680F2B6A83BA00B8BC69 /* NetflixOnBoardAppApp.swift */ = {isa = PBXFileReference; lastKnownFileType = sourcecode.swift; path = NetflixOnBoardAppApp.swift; sourceTree = "<group>"; };
		BE5C68112B6A83BA00B8BC69 /* ContentView.swift */ = {isa = PBXFileReference; lastKnownFileType = sourcecode.swift; path = ContentView.swift; sourceTree = "<group>"; };
		BE5C68132B6A83BD00B8BC69 /* Assets.xcassets */ = {isa = PBXFileReference; lastKnownFileType = folder.assetcatalog; path = Assets.xcassets; sourceTree = "<group>"; };
		BE5C68162B6A83BD00B8BC69 /* Preview Assets.xcassets */ = {isa = PBXFileReference; lastKnownFileType = folder.assetcatalog; path = "Preview Assets.xcassets"; sourceTree = "<group>"; };
		BE5C68212B6A847A00B8BC69 /* order.json */ = {isa = PBXFileReference; fileEncoding = 4; lastKnownFileType = text.json; path = order.json; sourceTree = "<group>"; };
		BE5C68222B6A847A00B8BC69 /* netflix.json */ = {isa = PBXFileReference; fileEncoding = 4; lastKnownFileType = text.json; path = netflix.json; sourceTree = "<group>"; };
		BE5C68232B6A847A00B8BC69 /* interaction.json */ = {isa = PBXFileReference; fileEncoding = 4; lastKnownFileType = text.json; path = interaction.json; sourceTree = "<group>"; };
		BE5C68242B6A847A00B8BC69 /* delivery.json */ = {isa = PBXFileReference; fileEncoding = 4; lastKnownFileType = text.json; path = delivery.json; sourceTree = "<group>"; };
		BE5C682A2B6A84A600B8BC69 /* LottieView.swift */ = {isa = PBXFileReference; lastKnownFileType = sourcecode.swift; path = LottieView.swift; sourceTree = "<group>"; };
		BE5C682D2B6A86D300B8BC69 /* Card.swift */ = {isa = PBXFileReference; lastKnownFileType = sourcecode.swift; path = Card.swift; sourceTree = "<group>"; };
		BE5C682F2B6A875200B8BC69 /* CardView.swift */ = {isa = PBXFileReference; lastKnownFileType = sourcecode.swift; path = CardView.swift; sourceTree = "<group>"; };
/* End PBXFileReference section */

/* Begin PBXFrameworksBuildPhase section */
		BE5C68092B6A83BA00B8BC69 /* Frameworks */ = {
			isa = PBXFrameworksBuildPhase;
			buildActionMask = 2147483647;
			files = (
				BE5C681F2B6A845700B8BC69 /* Lottie in Frameworks */,
			);
			runOnlyForDeploymentPostprocessing = 0;
		};
/* End PBXFrameworksBuildPhase section */

/* Begin PBXGroup section */
		BE5C68032B6A83BA00B8BC69 = {
			isa = PBXGroup;
			children = (
				BE5C680E2B6A83BA00B8BC69 /* NetflixOnBoardApp */,
				BE5C680D2B6A83BA00B8BC69 /* Products */,
			);
			sourceTree = "<group>";
		};
		BE5C680D2B6A83BA00B8BC69 /* Products */ = {
			isa = PBXGroup;
			children = (
				BE5C680C2B6A83BA00B8BC69 /* NetflixOnBoardApp.app */,
			);
			name = Products;
			sourceTree = "<group>";
		};
		BE5C680E2B6A83BA00B8BC69 /* NetflixOnBoardApp */ = {
			isa = PBXGroup;
			children = (
				BE5C682C2B6A86BD00B8BC69 /* Model */,
				BE5C68292B6A848800B8BC69 /* View */,
				BE5C68202B6A846900B8BC69 /* Lottie */,
				BE5C680F2B6A83BA00B8BC69 /* NetflixOnBoardAppApp.swift */,
				BE5C68112B6A83BA00B8BC69 /* ContentView.swift */,
				BE5C68132B6A83BD00B8BC69 /* Assets.xcassets */,
				BE5C68152B6A83BD00B8BC69 /* Preview Content */,
			);
			path = NetflixOnBoardApp;
			sourceTree = "<group>";
		};
		BE5C68152B6A83BD00B8BC69 /* Preview Content */ = {
			isa = PBXGroup;
			children = (
				BE5C68162B6A83BD00B8BC69 /* Preview Assets.xcassets */,
			);
			path = "Preview Content";
			sourceTree = "<group>";
		};
		BE5C68202B6A846900B8BC69 /* Lottie */ = {
			isa = PBXGroup;
			children = (
				BE5C68242B6A847A00B8BC69 /* delivery.json */,
				BE5C68232B6A847A00B8BC69 /* interaction.json */,
				BE5C68222B6A847A00B8BC69 /* netflix.json */,
				BE5C68212B6A847A00B8BC69 /* order.json */,
			);
			path = Lottie;
			sourceTree = "<group>";
		};
		BE5C68292B6A848800B8BC69 /* View */ = {
			isa = PBXGroup;
			children = (
				BE5C682A2B6A84A600B8BC69 /* LottieView.swift */,
				BE5C682F2B6A875200B8BC69 /* CardView.swift */,
			);
			path = View;
			sourceTree = "<group>";
		};
		BE5C682C2B6A86BD00B8BC69 /* Model */ = {
			isa = PBXGroup;
			children = (
				BE5C682D2B6A86D300B8BC69 /* Card.swift */,
			);
			path = Model;
			sourceTree = "<group>";
		};
/* End PBXGroup section */

/* Begin PBXNativeTarget section */
		BE5C680B2B6A83BA00B8BC69 /* NetflixOnBoardApp */ = {
			isa = PBXNativeTarget;
			buildConfigurationList = BE5C681A2B6A83BD00B8BC69 /* Build configuration list for PBXNativeTarget "NetflixOnBoardApp" */;
			buildPhases = (
				BE5C68082B6A83BA00B8BC69 /* Sources */,
				BE5C68092B6A83BA00B8BC69 /* Frameworks */,
				BE5C680A2B6A83BA00B8BC69 /* Resources */,
			);
			buildRules = (
			);
			dependencies = (
			);
			name = NetflixOnBoardApp;
			packageProductDependencies = (
				BE5C681E2B6A845700B8BC69 /* Lottie */,
			);
			productName = NetflixOnBoardApp;
			productReference = BE5C680C2B6A83BA00B8BC69 /* NetflixOnBoardApp.app */;
			productType = "com.apple.product-type.application";
		};
/* End PBXNativeTarget section */

/* Begin PBXProject section */
		BE5C68042B6A83BA00B8BC69 /* Project object */ = {
			isa = PBXProject;
			attributes = {
				BuildIndependentTargetsInParallel = 1;
				LastSwiftUpdateCheck = 1520;
				LastUpgradeCheck = 1520;
				TargetAttributes = {
					BE5C680B2B6A83BA00B8BC69 = {
						CreatedOnToolsVersion = 15.2;
					};
				};
			};
			buildConfigurationList = BE5C68072B6A83BA00B8BC69 /* Build configuration list for PBXProject "NetflixOnBoardApp" */;
			compatibilityVersion = "Xcode 14.0";
			developmentRegion = en;
			hasScannedForEncodings = 0;
			knownRegions = (
				en,
				Base,
			);
			mainGroup = BE5C68032B6A83BA00B8BC69;
			packageReferences = (
				BE5C681D2B6A845600B8BC69 /* XCRemoteSwiftPackageReference "lottie-ios" */,
			);
			productRefGroup = BE5C680D2B6A83BA00B8BC69 /* Products */;
			projectDirPath = "";
			projectRoot = "";
			targets = (
				BE5C680B2B6A83BA00B8BC69 /* NetflixOnBoardApp */,
			);
		};
/* End PBXProject section */

/* Begin PBXResourcesBuildPhase section */
		BE5C680A2B6A83BA00B8BC69 /* Resources */ = {
			isa = PBXResourcesBuildPhase;
			buildActionMask = 2147483647;
			files = (
				BE5C68172B6A83BD00B8BC69 /* Preview Assets.xcassets in Resources */,
				BE5C68142B6A83BD00B8BC69 /* Assets.xcassets in Resources */,
				BE5C68272B6A847A00B8BC69 /* interaction.json in Resources */,
				BE5C68262B6A847A00B8BC69 /* netflix.json in Resources */,
				BE5C68252B6A847A00B8BC69 /* order.json in Resources */,
				BE5C68282B6A847A00B8BC69 /* delivery.json in Resources */,
			);
			runOnlyForDeploymentPostprocessing = 0;
		};
/* End PBXResourcesBuildPhase section */

/* Begin PBXSourcesBuildPhase section */
		BE5C68082B6A83BA00B8BC69 /* Sources */ = {
			isa = PBXSourcesBuildPhase;
			buildActionMask = 2147483647;
			files = (
				BE5C68122B6A83BA00B8BC69 /* ContentView.swift in Sources */,
				BE5C68102B6A83BA00B8BC69 /* NetflixOnBoardAppApp.swift in Sources */,
				BE5C682B2B6A84A600B8BC69 /* LottieView.swift in Sources */,
				BE5C682E2B6A86D300B8BC69 /* Card.swift in Sources */,
				BE5C68302B6A875200B8BC69 /* CardView.swift in Sources */,
			);
			runOnlyForDeploymentPostprocessing = 0;
		};
/* End PBXSourcesBuildPhase section */

/* Begin XCBuildConfiguration section */
		BE5C68182B6A83BD00B8BC69 /* Debug */ = {
			isa = XCBuildConfiguration;
			buildSettings = {
				ALWAYS_SEARCH_USER_PATHS = NO;
				ASSETCATALOG_COMPILER_GENERATE_SWIFT_ASSET_SYMBOL_EXTENSIONS = YES;
				CLANG_ANALYZER_NONNULL = YES;
				CLANG_ANALYZER_NUMBER_OBJECT_CONVERSION = YES_AGGRESSIVE;
				CLANG_CXX_LANGUAGE_STANDARD = "gnu++20";
				CLANG_ENABLE_MODULES = YES;
				CLANG_ENABLE_OBJC_ARC = YES;
				CLANG_ENABLE_OBJC_WEAK = YES;
				CLANG_WARN_BLOCK_CAPTURE_AUTORELEASING = YES;
				CLANG_WARN_BOOL_CONVERSION = YES;
				CLANG_WARN_COMMA = YES;
				CLANG_WARN_CONSTANT_CONVERSION = YES;
				CLANG_WARN_DEPRECATED_OBJC_IMPLEMENTATIONS = YES;
				CLANG_WARN_DIRECT_OBJC_ISA_USAGE = YES_ERROR;
				CLANG_WARN_DOCUMENTATION_COMMENTS = YES;
				CLANG_WARN_EMPTY_BODY = YES;
				CLANG_WARN_ENUM_CONVERSION = YES;
				CLANG_WARN_INFINITE_RECURSION = YES;
				CLANG_WARN_INT_CONVERSION = YES;
				CLANG_WARN_NON_LITERAL_NULL_CONVERSION = YES;
				CLANG_WARN_OBJC_IMPLICIT_RETAIN_SELF = YES;
				CLANG_WARN_OBJC_LITERAL_CONVERSION = YES;
				CLANG_WARN_OBJC_ROOT_CLASS = YES_ERROR;
				CLANG_WARN_QUOTED_INCLUDE_IN_FRAMEWORK_HEADER = YES;
				CLANG_WARN_RANGE_LOOP_ANALYSIS = YES;
				CLANG_WARN_STRICT_PROTOTYPES = YES;
				CLANG_WARN_SUSPICIOUS_MOVE = YES;
				CLANG_WARN_UNGUARDED_AVAILABILITY = YES_AGGRESSIVE;
				CLANG_WARN_UNREACHABLE_CODE = YES;
				CLANG_WARN__DUPLICATE_METHOD_MATCH = YES;
				COPY_PHASE_STRIP = NO;
				DEBUG_INFORMATION_FORMAT = dwarf;
				ENABLE_STRICT_OBJC_MSGSEND = YES;
				ENABLE_TESTABILITY = YES;
				ENABLE_USER_SCRIPT_SANDBOXING = YES;
				GCC_C_LANGUAGE_STANDARD = gnu17;
				GCC_DYNAMIC_NO_PIC = NO;
				GCC_NO_COMMON_BLOCKS = YES;
				GCC_OPTIMIZATION_LEVEL = 0;
				GCC_PREPROCESSOR_DEFINITIONS = (
					"DEBUG=1",
					"$(inherited)",
				);
				GCC_WARN_64_TO_32_BIT_CONVERSION = YES;
				GCC_WARN_ABOUT_RETURN_TYPE = YES_ERROR;
				GCC_WARN_UNDECLARED_SELECTOR = YES;
				GCC_WARN_UNINITIALIZED_AUTOS = YES_AGGRESSIVE;
				GCC_WARN_UNUSED_FUNCTION = YES;
				GCC_WARN_UNUSED_VARIABLE = YES;
				IPHONEOS_DEPLOYMENT_TARGET = 17.2;
				LOCALIZATION_PREFERS_STRING_CATALOGS = YES;
				MTL_ENABLE_DEBUG_INFO = INCLUDE_SOURCE;
				MTL_FAST_MATH = YES;
				ONLY_ACTIVE_ARCH = YES;
				SDKROOT = iphoneos;
				SWIFT_ACTIVE_COMPILATION_CONDITIONS = "DEBUG $(inherited)";
				SWIFT_OPTIMIZATION_LEVEL = "-Onone";
			};
			name = Debug;
		};
		BE5C68192B6A83BD00B8BC69 /* Release */ = {
			isa = XCBuildConfiguration;
			buildSettings = {
				ALWAYS_SEARCH_USER_PATHS = NO;
				ASSETCATALOG_COMPILER_GENERATE_SWIFT_ASSET_SYMBOL_EXTENSIONS = YES;
				CLANG_ANALYZER_NONNULL = YES;
				CLANG_ANALYZER_NUMBER_OBJECT_CONVERSION = YES_AGGRESSIVE;
				CLANG_CXX_LANGUAGE_STANDARD = "gnu++20";
				CLANG_ENABLE_MODULES = YES;
				CLANG_ENABLE_OBJC_ARC = YES;
				CLANG_ENABLE_OBJC_WEAK = YES;
				CLANG_WARN_BLOCK_CAPTURE_AUTORELEASING = YES;
				CLANG_WARN_BOOL_CONVERSION = YES;
				CLANG_WARN_COMMA = YES;
				CLANG_WARN_CONSTANT_CONVERSION = YES;
				CLANG_WARN_DEPRECATED_OBJC_IMPLEMENTATIONS = YES;
				CLANG_WARN_DIRECT_OBJC_ISA_USAGE = YES_ERROR;
				CLANG_WARN_DOCUMENTATION_COMMENTS = YES;
				CLANG_WARN_EMPTY_BODY = YES;
				CLANG_WARN_ENUM_CONVERSION = YES;
				CLANG_WARN_INFINITE_RECURSION = YES;
				CLANG_WARN_INT_CONVERSION = YES;
				CLANG_WARN_NON_LITERAL_NULL_CONVERSION = YES;
				CLANG_WARN_OBJC_IMPLICIT_RETAIN_SELF = YES;
				CLANG_WARN_OBJC_LITERAL_CONVERSION = YES;
				CLANG_WARN_OBJC_ROOT_CLASS = YES_ERROR;
				CLANG_WARN_QUOTED_INCLUDE_IN_FRAMEWORK_HEADER = YES;
				CLANG_WARN_RANGE_LOOP_ANALYSIS = YES;
				CLANG_WARN_STRICT_PROTOTYPES = YES;
				CLANG_WARN_SUSPICIOUS_MOVE = YES;
				CLANG_WARN_UNGUARDED_AVAILABILITY = YES_AGGRESSIVE;
				CLANG_WARN_UNREACHABLE_CODE = YES;
				CLANG_WARN__DUPLICATE_METHOD_MATCH = YES;
				COPY_PHASE_STRIP = NO;
				DEBUG_INFORMATION_FORMAT = "dwarf-with-dsym";
				ENABLE_NS_ASSERTIONS = NO;
				ENABLE_STRICT_OBJC_MSGSEND = YES;
				ENABLE_USER_SCRIPT_SANDBOXING = YES;
				GCC_C_LANGUAGE_STANDARD = gnu17;
				GCC_NO_COMMON_BLOCKS = YES;
				GCC_WARN_64_TO_32_BIT_CONVERSION = YES;
				GCC_WARN_ABOUT_RETURN_TYPE = YES_ERROR;
				GCC_WARN_UNDECLARED_SELECTOR = YES;
				GCC_WARN_UNINITIALIZED_AUTOS = YES_AGGRESSIVE;
				GCC_WARN_UNUSED_FUNCTION = YES;
				GCC_WARN_UNUSED_VARIABLE = YES;
				IPHONEOS_DEPLOYMENT_TARGET = 17.2;
				LOCALIZATION_PREFERS_STRING_CATALOGS = YES;
				MTL_ENABLE_DEBUG_INFO = NO;
				MTL_FAST_MATH = YES;
				SDKROOT = iphoneos;
				SWIFT_COMPILATION_MODE = wholemodule;
				VALIDATE_PRODUCT = YES;
			};
			name = Release;
		};
		BE5C681B2B6A83BD00B8BC69 /* Debug */ = {
			isa = XCBuildConfiguration;
			buildSettings = {
				ASSETCATALOG_COMPILER_APPICON_NAME = AppIcon;
				ASSETCATALOG_COMPILER_GLOBAL_ACCENT_COLOR_NAME = AccentColor;
				CODE_SIGN_STYLE = Automatic;
				CURRENT_PROJECT_VERSION = 1;
				DEVELOPMENT_ASSET_PATHS = "\"NetflixOnBoardApp/Preview Content\"";
				DEVELOPMENT_TEAM = D6LZWF2S6D;
				ENABLE_PREVIEWS = YES;
				GENERATE_INFOPLIST_FILE = YES;
				INFOPLIST_KEY_UIApplicationSceneManifest_Generation = YES;
				INFOPLIST_KEY_UIApplicationSupportsIndirectInputEvents = YES;
				INFOPLIST_KEY_UILaunchScreen_Generation = YES;
				INFOPLIST_KEY_UISupportedInterfaceOrientations_iPad = "UIInterfaceOrientationPortrait UIInterfaceOrientationPortraitUpsideDown UIInterfaceOrientationLandscapeLeft UIInterfaceOrientationLandscapeRight";
				INFOPLIST_KEY_UISupportedInterfaceOrientations_iPhone = "UIInterfaceOrientationPortrait UIInterfaceOrientationLandscapeLeft UIInterfaceOrientationLandscapeRight";
				LD_RUNPATH_SEARCH_PATHS = (
					"$(inherited)",
					"@executable_path/Frameworks",
				);
				MARKETING_VERSION = 1.0;
				PRODUCT_BUNDLE_IDENTIFIER = pouyasari.NetflixOnBoardApp;
				PRODUCT_NAME = "$(TARGET_NAME)";
				SWIFT_EMIT_LOC_STRINGS = YES;
				SWIFT_VERSION = 5.0;
				TARGETED_DEVICE_FAMILY = "1,2";
			};
			name = Debug;
		};
		BE5C681C2B6A83BD00B8BC69 /* Release */ = {
			isa = XCBuildConfiguration;
			buildSettings = {
				ASSETCATALOG_COMPILER_APPICON_NAME = AppIcon;
				ASSETCATALOG_COMPILER_GLOBAL_ACCENT_COLOR_NAME = AccentColor;
				CODE_SIGN_STYLE = Automatic;
				CURRENT_PROJECT_VERSION = 1;
				DEVELOPMENT_ASSET_PATHS = "\"NetflixOnBoardApp/Preview Content\"";
				DEVELOPMENT_TEAM = D6LZWF2S6D;
				ENABLE_PREVIEWS = YES;
				GENERATE_INFOPLIST_FILE = YES;
				INFOPLIST_KEY_UIApplicationSceneManifest_Generation = YES;
				INFOPLIST_KEY_UIApplicationSupportsIndirectInputEvents = YES;
				INFOPLIST_KEY_UILaunchScreen_Generation = YES;
				INFOPLIST_KEY_UISupportedInterfaceOrientations_iPad = "UIInterfaceOrientationPortrait UIInterfaceOrientationPortraitUpsideDown UIInterfaceOrientationLandscapeLeft UIInterfaceOrientationLandscapeRight";
				INFOPLIST_KEY_UISupportedInterfaceOrientations_iPhone = "UIInterfaceOrientationPortrait UIInterfaceOrientationLandscapeLeft UIInterfaceOrientationLandscapeRight";
				LD_RUNPATH_SEARCH_PATHS = (
					"$(inherited)",
					"@executable_path/Frameworks",
				);
				MARKETING_VERSION = 1.0;
				PRODUCT_BUNDLE_IDENTIFIER = pouyasari.NetflixOnBoardApp;
				PRODUCT_NAME = "$(TARGET_NAME)";
				SWIFT_EMIT_LOC_STRINGS = YES;
				SWIFT_VERSION = 5.0;
				TARGETED_DEVICE_FAMILY = "1,2";
			};
			name = Release;
		};
/* End XCBuildConfiguration section */

/* Begin XCConfigurationList section */
		BE5C68072B6A83BA00B8BC69 /* Build configuration list for PBXProject "NetflixOnBoardApp" */ = {
			isa = XCConfigurationList;
			buildConfigurations = (
				BE5C68182B6A83BD00B8BC69 /* Debug */,
				BE5C68192B6A83BD00B8BC69 /* Release */,
			);
			defaultConfigurationIsVisible = 0;
			defaultConfigurationName = Release;
		};
		BE5C681A2B6A83BD00B8BC69 /* Build configuration list for PBXNativeTarget "NetflixOnBoardApp" */ = {
			isa = XCConfigurationList;
			buildConfigurations = (
				BE5C681B2B6A83BD00B8BC69 /* Debug */,
				BE5C681C2B6A83BD00B8BC69 /* Release */,
			);
			defaultConfigurationIsVisible = 0;
			defaultConfigurationName = Release;
		};
/* End XCConfigurationList section */

/* Begin XCRemoteSwiftPackageReference section */
		BE5C681D2B6A845600B8BC69 /* XCRemoteSwiftPackageReference "lottie-ios" */ = {
			isa = XCRemoteSwiftPackageReference;
			repositoryURL = "https://github.com/airbnb/lottie-ios/";
			requirement = {
				kind = upToNextMajorVersion;
				minimumVersion = 4.4.0;
			};
		};
/* End XCRemoteSwiftPackageReference section */

/* Begin XCSwiftPackageProductDependency section */
		BE5C681E2B6A845700B8BC69 /* Lottie */ = {
			isa = XCSwiftPackageProductDependency;
			package = BE5C681D2B6A845600B8BC69 /* XCRemoteSwiftPackageReference "lottie-ios" */;
			productName = Lottie;
		};
/* End XCSwiftPackageProductDependency section */
	};
	rootObject = BE5C68042B6A83BA00B8BC69 /* Project object */;
}
